
Microsoft Visual Studio Solution File, Format Version 12.00
# Visual Studio 14
VisualStudioVersion = 14.0.25420.1
MinimumVisualStudioVersion = 10.0.40219.1
Project("{8BB2217D-0F2D-49D1-97BC-3654ED321F3B}") = "dotnet-make", "src\dotnet-make\dotnet-make.xproj", "{2EF475B7-4E19-4F1B-AC66-55F40EAE1149}"
EndProject
Global
	GlobalSection(SolutionConfigurationPlatforms) = preSolution
		Debug|Any CPU = Debug|Any CPU
		Release|Any CPU = Release|Any CPU
	EndGlobalSection
	GlobalSection(ProjectConfigurationPlatforms) = postSolution
		{2EF475B7-4E19-4F1B-AC66-55F40EAE1149}.Debug|Any CPU.ActiveCfg = Debug|Any CPU
		{2EF475B7-4E19-4F1B-AC66-55F40EAE1149}.Debug|Any CPU.Build.0 = Debug|Any CPU
		{2EF475B7-4E19-4F1B-AC66-55F40EAE1149}.Release|Any CPU.ActiveCfg = Release|Any CPU
		{2EF475B7-4E19-4F1B-AC66-55F40EAE1149}.Release|Any CPU.Build.0 = Release|Any CPU
	EndGlobalSection
	GlobalSection(SolutionProperties) = preSolution
		HideSolutionNode = FALSE
	EndGlobalSection
EndGlobal
